
Microsoft Visual Studio Solution File, Format Version 12.00
# Visual Studio Version 17
VisualStudioVersion = 17.0.31903.59
MinimumVisualStudioVersion = 10.0.40219.1
Project("{2150E333-8FDC-42A3-9474-1A3956D46DE8}") = "src", "src", "{E4B02A74-09EF-44B9-ACAD-C05E6F9A0949}"
EndProject
Project("{9A19103F-16F7-4668-BE54-9A1E7A4F7556}") = "ExampleService.API", "src\ExampleService.API\ExampleService.API.csproj", "{E732E9A2-7BBF-4A54-9333-35276ABB1E16}"
EndProject
Project("{2150E333-8FDC-42A3-9474-1A3956D46DE8}") = "libs", "libs", "{39C3A90E-F58F-43A2-A09E-40F65572F828}"
EndProject
Project("{9A19103F-16F7-4668-BE54-9A1E7A4F7556}") = "ReservationSystem.Shared", "libs\ReservationSystem.Shared\ReservationSystem.Shared.csproj", "{CAB56059-5B44-4C64-B187-68586EA8667F}"
EndProject
Project("{9A19103F-16F7-4668-BE54-9A1E7A4F7556}") = "UserService.API", "src\UserService.API\UserService.API.csproj", "{6EDAD038-CF26-47DB-B592-405A95D0C449}"
EndProject
Project("{9A19103F-16F7-4668-BE54-9A1E7A4F7556}") = "AuthService.API", "src\AuthService.API\AuthService.API.csproj", "{0DDD7049-0238-4DD5-B309-CC6E1C0C8DAB}"
EndProject
Project("{2150E333-8FDC-42A3-9474-1A3956D46DE8}") = "AnalyticsService.API", "AnalyticsService.API", "{09010C3A-AD14-4275-A12A-3D4531AF9952}"
EndProject
Project("{9A19103F-16F7-4668-BE54-9A1E7A4F7556}") = "Analytics", "src\AnalyticsService.API\Analytics\Analytics.csproj", "{6BD13362-DA88-4C68-A178-1F67684BA1A4}"
EndProject
Project("{9A19103F-16F7-4668-BE54-9A1E7A4F7556}") = "Analytics.Application", "src\AnalyticsService.API\Analytics.Application\Analytics.Application.csproj", "{86EC6840-0E99-4A1F-940C-F84D7BAD3096}"
EndProject
Project("{9A19103F-16F7-4668-BE54-9A1E7A4F7556}") = "AuthService.Tests", "tests\AuthService.Tests\AuthService.Tests.csproj", "{567FBEEA-1367-4AE2-8173-4D3D012D15D4}"
EndProject
Project("{9A19103F-16F7-4668-BE54-9A1E7A4F7556}") = "Analytics.Domain", "src\AnalyticsService.API\Analytics.Domain\Analytics.Domain.csproj", "{1168EADF-59D9-4E56-B7EB-F5871FD26C72}"
EndProject
Project("{9A19103F-16F7-4668-BE54-9A1E7A4F7556}") = "BookingService.Tests", "tests\BookingService.Tests\BookingService.Tests.csproj", "{09391BA8-5FCC-4376-96F1-F40430E4A13C}"
EndProject
Project("{9A19103F-16F7-4668-BE54-9A1E7A4F7556}") = "Analytics.Infrastructure", "src\AnalyticsService.API\Analytics.Infrastructure\Analytics.Infrastructure.csproj", "{62D25469-310B-440C-803E-DBD849A2D17A}"
EndProject
Project("{9A19103F-16F7-4668-BE54-9A1E7A4F7556}") = "BookingService.API", "src\BookingService.API\BookingService.API.csproj", "{C5292910-57FA-4773-BB76-CD5B17135D74}"
EndProject
Project("{9A19103F-16F7-4668-BE54-9A1E7A4F7556}") = "NotificationService.API", "src\NotificationService.API\NotificationService.API.csproj", "{86D21E2B-94F6-417F-BF0E-23DE1F164299}"
EndProject
Global
	GlobalSection(SolutionConfigurationPlatforms) = preSolution
		Debug|Any CPU = Debug|Any CPU
		Release|Any CPU = Release|Any CPU
	EndGlobalSection
	GlobalSection(ProjectConfigurationPlatforms) = postSolution
		{E732E9A2-7BBF-4A54-9333-35276ABB1E16}.Debug|Any CPU.ActiveCfg = Debug|Any CPU
		{E732E9A2-7BBF-4A54-9333-35276ABB1E16}.Debug|Any CPU.Build.0 = Debug|Any CPU
		{E732E9A2-7BBF-4A54-9333-35276ABB1E16}.Release|Any CPU.ActiveCfg = Release|Any CPU
		{E732E9A2-7BBF-4A54-9333-35276ABB1E16}.Release|Any CPU.Build.0 = Release|Any CPU
		{CAB56059-5B44-4C64-B187-68586EA8667F}.Debug|Any CPU.ActiveCfg = Debug|Any CPU
		{CAB56059-5B44-4C64-B187-68586EA8667F}.Debug|Any CPU.Build.0 = Debug|Any CPU
		{CAB56059-5B44-4C64-B187-68586EA8667F}.Release|Any CPU.ActiveCfg = Release|Any CPU
		{CAB56059-5B44-4C64-B187-68586EA8667F}.Release|Any CPU.Build.0 = Release|Any CPU
		{6EDAD038-CF26-47DB-B592-405A95D0C449}.Debug|Any CPU.ActiveCfg = Debug|Any CPU
		{6EDAD038-CF26-47DB-B592-405A95D0C449}.Debug|Any CPU.Build.0 = Debug|Any CPU
		{6EDAD038-CF26-47DB-B592-405A95D0C449}.Release|Any CPU.ActiveCfg = Release|Any CPU
		{6EDAD038-CF26-47DB-B592-405A95D0C449}.Release|Any CPU.Build.0 = Release|Any CPU
		{0DDD7049-0238-4DD5-B309-CC6E1C0C8DAB}.Debug|Any CPU.ActiveCfg = Debug|Any CPU
		{0DDD7049-0238-4DD5-B309-CC6E1C0C8DAB}.Debug|Any CPU.Build.0 = Debug|Any CPU
		{0DDD7049-0238-4DD5-B309-CC6E1C0C8DAB}.Release|Any CPU.ActiveCfg = Release|Any CPU
		{0DDD7049-0238-4DD5-B309-CC6E1C0C8DAB}.Release|Any CPU.Build.0 = Release|Any CPU
		{6BD13362-DA88-4C68-A178-1F67684BA1A4}.Debug|Any CPU.ActiveCfg = Debug|Any CPU
		{6BD13362-DA88-4C68-A178-1F67684BA1A4}.Debug|Any CPU.Build.0 = Debug|Any CPU
		{6BD13362-DA88-4C68-A178-1F67684BA1A4}.Release|Any CPU.ActiveCfg = Release|Any CPU
		{6BD13362-DA88-4C68-A178-1F67684BA1A4}.Release|Any CPU.Build.0 = Release|Any CPU
		{86EC6840-0E99-4A1F-940C-F84D7BAD3096}.Debug|Any CPU.ActiveCfg = Debug|Any CPU
		{86EC6840-0E99-4A1F-940C-F84D7BAD3096}.Debug|Any CPU.Build.0 = Debug|Any CPU
		{86EC6840-0E99-4A1F-940C-F84D7BAD3096}.Release|Any CPU.ActiveCfg = Release|Any CPU
		{86EC6840-0E99-4A1F-940C-F84D7BAD3096}.Release|Any CPU.Build.0 = Release|Any CPU
		{567FBEEA-1367-4AE2-8173-4D3D012D15D4}.Debug|Any CPU.ActiveCfg = Debug|Any CPU
		{567FBEEA-1367-4AE2-8173-4D3D012D15D4}.Debug|Any CPU.Build.0 = Debug|Any CPU
		{567FBEEA-1367-4AE2-8173-4D3D012D15D4}.Release|Any CPU.ActiveCfg = Release|Any CPU
		{567FBEEA-1367-4AE2-8173-4D3D012D15D4}.Release|Any CPU.Build.0 = Release|Any CPU
		{1168EADF-59D9-4E56-B7EB-F5871FD26C72}.Debug|Any CPU.ActiveCfg = Debug|Any CPU
		{1168EADF-59D9-4E56-B7EB-F5871FD26C72}.Debug|Any CPU.Build.0 = Debug|Any CPU
		{1168EADF-59D9-4E56-B7EB-F5871FD26C72}.Release|Any CPU.ActiveCfg = Release|Any CPU
		{1168EADF-59D9-4E56-B7EB-F5871FD26C72}.Release|Any CPU.Build.0 = Release|Any CPU
		{09391BA8-5FCC-4376-96F1-F40430E4A13C}.Debug|Any CPU.ActiveCfg = Debug|Any CPU
		{09391BA8-5FCC-4376-96F1-F40430E4A13C}.Debug|Any CPU.Build.0 = Debug|Any CPU
		{09391BA8-5FCC-4376-96F1-F40430E4A13C}.Release|Any CPU.ActiveCfg = Release|Any CPU
		{09391BA8-5FCC-4376-96F1-F40430E4A13C}.Release|Any CPU.Build.0 = Release|Any CPU
		{62D25469-310B-440C-803E-DBD849A2D17A}.Debug|Any CPU.ActiveCfg = Debug|Any CPU
		{62D25469-310B-440C-803E-DBD849A2D17A}.Debug|Any CPU.Build.0 = Debug|Any CPU
		{62D25469-310B-440C-803E-DBD849A2D17A}.Release|Any CPU.ActiveCfg = Release|Any CPU
		{62D25469-310B-440C-803E-DBD849A2D17A}.Release|Any CPU.Build.0 = Release|Any CPU
		{C5292910-57FA-4773-BB76-CD5B17135D74}.Debug|Any CPU.ActiveCfg = Debug|Any CPU
		{C5292910-57FA-4773-BB76-CD5B17135D74}.Debug|Any CPU.Build.0 = Debug|Any CPU
		{C5292910-57FA-4773-BB76-CD5B17135D74}.Release|Any CPU.ActiveCfg = Release|Any CPU
		{C5292910-57FA-4773-BB76-CD5B17135D74}.Release|Any CPU.Build.0 = Release|Any CPU
		{86D21E2B-94F6-417F-BF0E-23DE1F164299}.Debug|Any CPU.ActiveCfg = Debug|Any CPU
		{86D21E2B-94F6-417F-BF0E-23DE1F164299}.Debug|Any CPU.Build.0 = Debug|Any CPU
		{86D21E2B-94F6-417F-BF0E-23DE1F164299}.Release|Any CPU.ActiveCfg = Release|Any CPU
		{86D21E2B-94F6-417F-BF0E-23DE1F164299}.Release|Any CPU.Build.0 = Release|Any CPU
	EndGlobalSection
	GlobalSection(SolutionProperties) = preSolution
		HideSolutionNode = FALSE
	EndGlobalSection
	GlobalSection(NestedProjects) = preSolution
		{E732E9A2-7BBF-4A54-9333-35276ABB1E16} = {E4B02A74-09EF-44B9-ACAD-C05E6F9A0949}
		{CAB56059-5B44-4C64-B187-68586EA8667F} = {39C3A90E-F58F-43A2-A09E-40F65572F828}
		{6EDAD038-CF26-47DB-B592-405A95D0C449} = {E4B02A74-09EF-44B9-ACAD-C05E6F9A0949}
		{0DDD7049-0238-4DD5-B309-CC6E1C0C8DAB} = {E4B02A74-09EF-44B9-ACAD-C05E6F9A0949}
		{09010C3A-AD14-4275-A12A-3D4531AF9952} = {E4B02A74-09EF-44B9-ACAD-C05E6F9A0949}
		{6BD13362-DA88-4C68-A178-1F67684BA1A4} = {09010C3A-AD14-4275-A12A-3D4531AF9952}
		{86EC6840-0E99-4A1F-940C-F84D7BAD3096} = {09010C3A-AD14-4275-A12A-3D4531AF9952}
		{1168EADF-59D9-4E56-B7EB-F5871FD26C72} = {09010C3A-AD14-4275-A12A-3D4531AF9952}
		{62D25469-310B-440C-803E-DBD849A2D17A} = {09010C3A-AD14-4275-A12A-3D4531AF9952}
		{C5292910-57FA-4773-BB76-CD5B17135D74} = {E4B02A74-09EF-44B9-ACAD-C05E6F9A0949}
		{86D21E2B-94F6-417F-BF0E-23DE1F164299} = {E4B02A74-09EF-44B9-ACAD-C05E6F9A0949}
	EndGlobalSection
	GlobalSection(ExtensibilityGlobals) = postSolution
		SolutionGuid = {D0C7B076-600E-4BDC-B0B6-B437FAFA27F4}
	EndGlobalSection
EndGlobal
